
Microsoft Visual Studio Solution File, Format Version 12.00
# Visual Studio Version 16
VisualStudioVersion = 25.0.1703.4
MinimumVisualStudioVersion = 10.0.40219.1
Project("{FAE04EC0-301F-11D3-BF4B-00C04F79EFBC}") = "Class_Interface_Activity4", "Class_Interface_Activity4\Class_Interface_Activity4.csproj", "{B5242FE1-CC6B-4FF9-9AD1-FA2EB121385D}"
EndProject
Global
	GlobalSection(SolutionConfigurationPlatforms) = preSolution
		Debug|Any CPU = Debug|Any CPU
		Release|Any CPU = Release|Any CPU
	EndGlobalSection
	GlobalSection(ProjectConfigurationPlatforms) = postSolution
		{B5242FE1-CC6B-4FF9-9AD1-FA2EB121385D}.Debug|Any CPU.ActiveCfg = Debug|Any CPU
		{B5242FE1-CC6B-4FF9-9AD1-FA2EB121385D}.Debug|Any CPU.Build.0 = Debug|Any CPU
		{B5242FE1-CC6B-4FF9-9AD1-FA2EB121385D}.Release|Any CPU.ActiveCfg = Release|Any CPU
		{B5242FE1-CC6B-4FF9-9AD1-FA2EB121385D}.Release|Any CPU.Build.0 = Release|Any CPU
	EndGlobalSection
	GlobalSection(SolutionProperties) = preSolution
		HideSolutionNode = FALSE
	EndGlobalSection
	GlobalSection(ExtensibilityGlobals) = postSolution
		SolutionGuid = {39147E51-FD3B-4C17-B06C-C728EA97F50A}
	EndGlobalSection
EndGlobal
